
Microsoft Visual Studio Solution File, Format Version 12.00
# Visual Studio 15
VisualStudioVersion = 15.0.28307.1000
MinimumVisualStudioVersion = 10.0.40219.1
Project("{FAE04EC0-301F-11D3-BF4B-00C04F79EFBC}") = "CarPoolingApplication", "CarPoolingApplication\CarPoolingApplication.csproj", "{1FDD02CA-25B5-45C6-86CA-9C71841D5EBD}"
EndProject
Project("{FAE04EC0-301F-11D3-BF4B-00C04F79EFBC}") = "CarPoolingApplication.Models", "CarPoolingApplication.Models\CarPoolingApplication.Models.csproj", "{AF9004B5-8FAF-4E8F-A253-FE8C30D36D2C}"
EndProject
Project("{FAE04EC0-301F-11D3-BF4B-00C04F79EFBC}") = "CarPoolingApplication.Services", "CarPoolingApplication.Services\CarPoolingApplication.Services.csproj", "{77357DED-1E30-4627-8955-452D5029C8C6}"
EndProject
Global
	GlobalSection(SolutionConfigurationPlatforms) = preSolution
		Debug|Any CPU = Debug|Any CPU
		Release|Any CPU = Release|Any CPU
	EndGlobalSection
	GlobalSection(ProjectConfigurationPlatforms) = postSolution
		{1FDD02CA-25B5-45C6-86CA-9C71841D5EBD}.Debug|Any CPU.ActiveCfg = Debug|Any CPU
		{1FDD02CA-25B5-45C6-86CA-9C71841D5EBD}.Debug|Any CPU.Build.0 = Debug|Any CPU
		{1FDD02CA-25B5-45C6-86CA-9C71841D5EBD}.Release|Any CPU.ActiveCfg = Release|Any CPU
		{1FDD02CA-25B5-45C6-86CA-9C71841D5EBD}.Release|Any CPU.Build.0 = Release|Any CPU
		{AF9004B5-8FAF-4E8F-A253-FE8C30D36D2C}.Debug|Any CPU.ActiveCfg = Debug|Any CPU
		{AF9004B5-8FAF-4E8F-A253-FE8C30D36D2C}.Debug|Any CPU.Build.0 = Debug|Any CPU
		{AF9004B5-8FAF-4E8F-A253-FE8C30D36D2C}.Release|Any CPU.ActiveCfg = Release|Any CPU
		{AF9004B5-8FAF-4E8F-A253-FE8C30D36D2C}.Release|Any CPU.Build.0 = Release|Any CPU
		{77357DED-1E30-4627-8955-452D5029C8C6}.Debug|Any CPU.ActiveCfg = Debug|Any CPU
		{77357DED-1E30-4627-8955-452D5029C8C6}.Debug|Any CPU.Build.0 = Debug|Any CPU
		{77357DED-1E30-4627-8955-452D5029C8C6}.Release|Any CPU.ActiveCfg = Release|Any CPU
		{77357DED-1E30-4627-8955-452D5029C8C6}.Release|Any CPU.Build.0 = Release|Any CPU
	EndGlobalSection
	GlobalSection(SolutionProperties) = preSolution
		HideSolutionNode = FALSE
	EndGlobalSection
	GlobalSection(ExtensibilityGlobals) = postSolution
		SolutionGuid = {367A3090-9923-4FF5-B6D9-0B90FDBF4D3A}
	EndGlobalSection
EndGlobal
